// !$*UTF8*$!
{
	archiveVersion = 1;
	classes = {
	};
	objectVersion = 50;
	objects = {

/* Begin PBXBuildFile section */
		7139DA4F92D83F0E3F5EFEF0 /* Pods_RxDemo.framework in Frameworks */ = {isa = PBXBuildFile; fileRef = 089C53265AF0757CB74F10BB /* Pods_RxDemo.framework */; };
		78A039AF2557BA0700C6CAF6 /* CustomRxExtensions.swift in Sources */ = {isa = PBXBuildFile; fileRef = 78A039AE2557BA0700C6CAF6 /* CustomRxExtensions.swift */; };
		78B6C98E25577FCC00600F1F /* AppDelegate.swift in Sources */ = {isa = PBXBuildFile; fileRef = 78B6C98D25577FCC00600F1F /* AppDelegate.swift */; };
		78B6C99025577FCC00600F1F /* SceneDelegate.swift in Sources */ = {isa = PBXBuildFile; fileRef = 78B6C98F25577FCC00600F1F /* SceneDelegate.swift */; };
		78B6C99225577FCC00600F1F /* HomeViewController.swift in Sources */ = {isa = PBXBuildFile; fileRef = 78B6C99125577FCC00600F1F /* HomeViewController.swift */; };
		78B6C99525577FCC00600F1F /* Main.storyboard in Resources */ = {isa = PBXBuildFile; fileRef = 78B6C99325577FCC00600F1F /* Main.storyboard */; };
		78B6C99725577FCD00600F1F /* Assets.xcassets in Resources */ = {isa = PBXBuildFile; fileRef = 78B6C99625577FCD00600F1F /* Assets.xcassets */; };
		78B6C99A25577FCD00600F1F /* LaunchScreen.storyboard in Resources */ = {isa = PBXBuildFile; fileRef = 78B6C99825577FCD00600F1F /* LaunchScreen.storyboard */; };
		78B6C9CE255798F900600F1F /* ObserverVC.swift in Sources */ = {isa = PBXBuildFile; fileRef = 78B6C9CD255798F900600F1F /* ObserverVC.swift */; };
		78C8965F255808010068CB35 /* PullToRefreshVC.swift in Sources */ = {isa = PBXBuildFile; fileRef = 78C8965E255808010068CB35 /* PullToRefreshVC.swift */; };
		78F33EE02558E18C00E44FA5 /* SMNetTargetType.swift in Sources */ = {isa = PBXBuildFile; fileRef = 78F33EDF2558E18C00E44FA5 /* SMNetTargetType.swift */; };
		78F33EE42558E2D900E44FA5 /* NetworkService.swift in Sources */ = {isa = PBXBuildFile; fileRef = 78F33EE32558E2D900E44FA5 /* NetworkService.swift */; };
		78F33EE82558E30500E44FA5 /* UI+Rx.swift in Sources */ = {isa = PBXBuildFile; fileRef = 78F33EE72558E30500E44FA5 /* UI+Rx.swift */; };
		78F33EEB2558E34900E44FA5 /* ESPullToRefresh+Rx.swift in Sources */ = {isa = PBXBuildFile; fileRef = 78F33EEA2558E34900E44FA5 /* ESPullToRefresh+Rx.swift */; };
		78F33EEE2558E39B00E44FA5 /* PullToRefreshViewModel.swift in Sources */ = {isa = PBXBuildFile; fileRef = 78F33EED2558E39B00E44FA5 /* PullToRefreshViewModel.swift */; };
		78F33EF22558E55600E44FA5 /* SMProvider.swift in Sources */ = {isa = PBXBuildFile; fileRef = 78F33EF12558E55600E44FA5 /* SMProvider.swift */; };
		78F33EF52558EF8A00E44FA5 /* RxMoyaVC.swift in Sources */ = {isa = PBXBuildFile; fileRef = 78F33EF42558EF8A00E44FA5 /* RxMoyaVC.swift */; };
		78F33EF82559017700E44FA5 /* SMPlugin.swift in Sources */ = {isa = PBXBuildFile; fileRef = 78F33EF72559017700E44FA5 /* SMPlugin.swift */; };
/* End PBXBuildFile section */

/* Begin PBXFileReference section */
		089C53265AF0757CB74F10BB /* Pods_RxDemo.framework */ = {isa = PBXFileReference; explicitFileType = wrapper.framework; includeInIndex = 0; path = Pods_RxDemo.framework; sourceTree = BUILT_PRODUCTS_DIR; };
		78A039AE2557BA0700C6CAF6 /* CustomRxExtensions.swift */ = {isa = PBXFileReference; lastKnownFileType = sourcecode.swift; path = CustomRxExtensions.swift; sourceTree = "<group>"; };
		78B6C98A25577FCC00600F1F /* RxDemo.app */ = {isa = PBXFileReference; explicitFileType = wrapper.application; includeInIndex = 0; path = RxDemo.app; sourceTree = BUILT_PRODUCTS_DIR; };
		78B6C98D25577FCC00600F1F /* AppDelegate.swift */ = {isa = PBXFileReference; lastKnownFileType = sourcecode.swift; path = AppDelegate.swift; sourceTree = "<group>"; };
		78B6C98F25577FCC00600F1F /* SceneDelegate.swift */ = {isa = PBXFileReference; lastKnownFileType = sourcecode.swift; path = SceneDelegate.swift; sourceTree = "<group>"; };
		78B6C99125577FCC00600F1F /* HomeViewController.swift */ = {isa = PBXFileReference; lastKnownFileType = sourcecode.swift; path = HomeViewController.swift; sourceTree = "<group>"; };
		78B6C99425577FCC00600F1F /* Base */ = {isa = PBXFileReference; lastKnownFileType = file.storyboard; name = Base; path = Base.lproj/Main.storyboard; sourceTree = "<group>"; };
		78B6C99625577FCD00600F1F /* Assets.xcassets */ = {isa = PBXFileReference; lastKnownFileType = folder.assetcatalog; path = Assets.xcassets; sourceTree = "<group>"; };
		78B6C99925577FCD00600F1F /* Base */ = {isa = PBXFileReference; lastKnownFileType = file.storyboard; name = Base; path = Base.lproj/LaunchScreen.storyboard; sourceTree = "<group>"; };
		78B6C99B25577FCD00600F1F /* Info.plist */ = {isa = PBXFileReference; lastKnownFileType = text.plist.xml; path = Info.plist; sourceTree = "<group>"; };
		78B6C9CD255798F900600F1F /* ObserverVC.swift */ = {isa = PBXFileReference; lastKnownFileType = sourcecode.swift; path = ObserverVC.swift; sourceTree = "<group>"; };
		78C8965E255808010068CB35 /* PullToRefreshVC.swift */ = {isa = PBXFileReference; lastKnownFileType = sourcecode.swift; path = PullToRefreshVC.swift; sourceTree = "<group>"; };
		78F33EDF2558E18C00E44FA5 /* SMNetTargetType.swift */ = {isa = PBXFileReference; fileEncoding = 4; lastKnownFileType = sourcecode.swift; path = SMNetTargetType.swift; sourceTree = "<group>"; };
		78F33EE32558E2D900E44FA5 /* NetworkService.swift */ = {isa = PBXFileReference; lastKnownFileType = sourcecode.swift; path = NetworkService.swift; sourceTree = "<group>"; };
		78F33EE72558E30500E44FA5 /* UI+Rx.swift */ = {isa = PBXFileReference; lastKnownFileType = sourcecode.swift; path = "UI+Rx.swift"; sourceTree = "<group>"; };
		78F33EEA2558E34900E44FA5 /* ESPullToRefresh+Rx.swift */ = {isa = PBXFileReference; lastKnownFileType = sourcecode.swift; path = "ESPullToRefresh+Rx.swift"; sourceTree = "<group>"; };
		78F33EED2558E39B00E44FA5 /* PullToRefreshViewModel.swift */ = {isa = PBXFileReference; lastKnownFileType = sourcecode.swift; path = PullToRefreshViewModel.swift; sourceTree = "<group>"; };
		78F33EF12558E55600E44FA5 /* SMProvider.swift */ = {isa = PBXFileReference; lastKnownFileType = sourcecode.swift; path = SMProvider.swift; sourceTree = "<group>"; };
		78F33EF42558EF8A00E44FA5 /* RxMoyaVC.swift */ = {isa = PBXFileReference; lastKnownFileType = sourcecode.swift; path = RxMoyaVC.swift; sourceTree = "<group>"; };
		78F33EF72559017700E44FA5 /* SMPlugin.swift */ = {isa = PBXFileReference; lastKnownFileType = sourcecode.swift; path = SMPlugin.swift; sourceTree = "<group>"; };
		9C043906D29ECBF3EDE2BB1E /* Pods-RxDemo.release.xcconfig */ = {isa = PBXFileReference; includeInIndex = 1; lastKnownFileType = text.xcconfig; name = "Pods-RxDemo.release.xcconfig"; path = "Target Support Files/Pods-RxDemo/Pods-RxDemo.release.xcconfig"; sourceTree = "<group>"; };
		D0FB427733C72DF660246E64 /* Pods-RxDemo.debug.xcconfig */ = {isa = PBXFileReference; includeInIndex = 1; lastKnownFileType = text.xcconfig; name = "Pods-RxDemo.debug.xcconfig"; path = "Target Support Files/Pods-RxDemo/Pods-RxDemo.debug.xcconfig"; sourceTree = "<group>"; };
/* End PBXFileReference section */

/* Begin PBXFrameworksBuildPhase section */
		78B6C98725577FCC00600F1F /* Frameworks */ = {
			isa = PBXFrameworksBuildPhase;
			buildActionMask = 2147483647;
			files = (
				7139DA4F92D83F0E3F5EFEF0 /* Pods_RxDemo.framework in Frameworks */,
			);
			runOnlyForDeploymentPostprocessing = 0;
		};
/* End PBXFrameworksBuildPhase section */

/* Begin PBXGroup section */
		38C5AF7127F2EF5B15A22489 /* Pods */ = {
			isa = PBXGroup;
			children = (
				D0FB427733C72DF660246E64 /* Pods-RxDemo.debug.xcconfig */,
				9C043906D29ECBF3EDE2BB1E /* Pods-RxDemo.release.xcconfig */,
			);
			name = Pods;
			path = Pods;
			sourceTree = "<group>";
		};
		78B6C98125577FCC00600F1F = {
			isa = PBXGroup;
			children = (
				78B6C98C25577FCC00600F1F /* RxDemo */,
				78B6C98B25577FCC00600F1F /* Products */,
				38C5AF7127F2EF5B15A22489 /* Pods */,
				A7C59440132794A8706502FA /* Frameworks */,
			);
			sourceTree = "<group>";
		};
		78B6C98B25577FCC00600F1F /* Products */ = {
			isa = PBXGroup;
			children = (
				78B6C98A25577FCC00600F1F /* RxDemo.app */,
			);
			name = Products;
			sourceTree = "<group>";
		};
		78B6C98C25577FCC00600F1F /* RxDemo */ = {
			isa = PBXGroup;
			children = (
				78F33EE22558E2C900E44FA5 /* NetWork */,
				78F33EDE2558E16F00E44FA5 /* RxMoya */,
				78F33EDD2558E15E00E44FA5 /* PullToRefresh */,
				78F33EDC2558E14F00E44FA5 /* RxExtensions */,
				78F33EDB2558E13F00E44FA5 /* Observer */,
				78F33EDA2558E13200E44FA5 /* Home */,
				78B6C99325577FCC00600F1F /* Main.storyboard */,
				78B6C99625577FCD00600F1F /* Assets.xcassets */,
				78B6C99825577FCD00600F1F /* LaunchScreen.storyboard */,
				78B6C99B25577FCD00600F1F /* Info.plist */,
			);
			path = RxDemo;
			sourceTree = "<group>";
		};
		78F33EDA2558E13200E44FA5 /* Home */ = {
			isa = PBXGroup;
			children = (
				78B6C98D25577FCC00600F1F /* AppDelegate.swift */,
				78B6C98F25577FCC00600F1F /* SceneDelegate.swift */,
				78B6C99125577FCC00600F1F /* HomeViewController.swift */,
			);
			path = Home;
			sourceTree = "<group>";
		};
		78F33EDB2558E13F00E44FA5 /* Observer */ = {
			isa = PBXGroup;
			children = (
				78B6C9CD255798F900600F1F /* ObserverVC.swift */,
			);
			path = Observer;
			sourceTree = "<group>";
		};
		78F33EDC2558E14F00E44FA5 /* RxExtensions */ = {
			isa = PBXGroup;
			children = (
				78A039AE2557BA0700C6CAF6 /* CustomRxExtensions.swift */,
				78F33EE72558E30500E44FA5 /* UI+Rx.swift */,
				78F33EEA2558E34900E44FA5 /* ESPullToRefresh+Rx.swift */,
			);
			path = RxExtensions;
			sourceTree = "<group>";
		};
		78F33EDD2558E15E00E44FA5 /* PullToRefresh */ = {
			isa = PBXGroup;
			children = (
				78C8965E255808010068CB35 /* PullToRefreshVC.swift */,
				78F33EED2558E39B00E44FA5 /* PullToRefreshViewModel.swift */,
			);
			path = PullToRefresh;
			sourceTree = "<group>";
		};
		78F33EDE2558E16F00E44FA5 /* RxMoya */ = {
			isa = PBXGroup;
			children = (
				78F33EDF2558E18C00E44FA5 /* SMNetTargetType.swift */,
				78F33EF12558E55600E44FA5 /* SMProvider.swift */,
				78F33EF42558EF8A00E44FA5 /* RxMoyaVC.swift */,
				78F33EF72559017700E44FA5 /* SMPlugin.swift */,
			);
			path = RxMoya;
			sourceTree = "<group>";
		};
		78F33EE22558E2C900E44FA5 /* NetWork */ = {
			isa = PBXGroup;
			children = (
				78F33EE32558E2D900E44FA5 /* NetworkService.swift */,
			);
			path = NetWork;
			sourceTree = "<group>";
		};
		A7C59440132794A8706502FA /* Frameworks */ = {
			isa = PBXGroup;
			children = (
				089C53265AF0757CB74F10BB /* Pods_RxDemo.framework */,
			);
			name = Frameworks;
			sourceTree = "<group>";
		};
/* End PBXGroup section */

/* Begin PBXNativeTarget section */
		78B6C98925577FCC00600F1F /* RxDemo */ = {
			isa = PBXNativeTarget;
			buildConfigurationList = 78B6C99E25577FCD00600F1F /* Build configuration list for PBXNativeTarget "RxDemo" */;
			buildPhases = (
				120B9D759C040EB8600475A0 /* [CP] Check Pods Manifest.lock */,
				78B6C98625577FCC00600F1F /* Sources */,
				78B6C98725577FCC00600F1F /* Frameworks */,
				78B6C98825577FCC00600F1F /* Resources */,
				792BB2C768AA32CD0E62535E /* [CP] Embed Pods Frameworks */,
			);
			buildRules = (
			);
			dependencies = (
			);
			name = RxDemo;
			productName = RxDemo;
			productReference = 78B6C98A25577FCC00600F1F /* RxDemo.app */;
			productType = "com.apple.product-type.application";
		};
/* End PBXNativeTarget section */

/* Begin PBXProject section */
		78B6C98225577FCC00600F1F /* Project object */ = {
			isa = PBXProject;
			attributes = {
				LastSwiftUpdateCheck = 1170;
				LastUpgradeCheck = 1210;
				ORGANIZATIONNAME = hzx;
				TargetAttributes = {
					78B6C98925577FCC00600F1F = {
						CreatedOnToolsVersion = 11.7;
					};
				};
			};
			buildConfigurationList = 78B6C98525577FCC00600F1F /* Build configuration list for PBXProject "RxDemo" */;
			compatibilityVersion = "Xcode 9.3";
			developmentRegion = en;
			hasScannedForEncodings = 0;
			knownRegions = (
				en,
				Base,
			);
			mainGroup = 78B6C98125577FCC00600F1F;
			productRefGroup = 78B6C98B25577FCC00600F1F /* Products */;
			projectDirPath = "";
			projectRoot = "";
			targets = (
				78B6C98925577FCC00600F1F /* RxDemo */,
			);
		};
/* End PBXProject section */

/* Begin PBXResourcesBuildPhase section */
		78B6C98825577FCC00600F1F /* Resources */ = {
			isa = PBXResourcesBuildPhase;
			buildActionMask = 2147483647;
			files = (
				78B6C99A25577FCD00600F1F /* LaunchScreen.storyboard in Resources */,
				78B6C99725577FCD00600F1F /* Assets.xcassets in Resources */,
				78B6C99525577FCC00600F1F /* Main.storyboard in Resources */,
			);
			runOnlyForDeploymentPostprocessing = 0;
		};
/* End PBXResourcesBuildPhase section */

/* Begin PBXShellScriptBuildPhase section */
		120B9D759C040EB8600475A0 /* [CP] Check Pods Manifest.lock */ = {
			isa = PBXShellScriptBuildPhase;
			buildActionMask = 2147483647;
			files = (
			);
			inputFileListPaths = (
			);
			inputPaths = (
				"${PODS_PODFILE_DIR_PATH}/Podfile.lock",
				"${PODS_ROOT}/Manifest.lock",
			);
			name = "[CP] Check Pods Manifest.lock";
			outputFileListPaths = (
			);
			outputPaths = (
				"$(DERIVED_FILE_DIR)/Pods-RxDemo-checkManifestLockResult.txt",
			);
			runOnlyForDeploymentPostprocessing = 0;
			shellPath = /bin/sh;
			shellScript = "diff \"${PODS_PODFILE_DIR_PATH}/Podfile.lock\" \"${PODS_ROOT}/Manifest.lock\" > /dev/null\nif [ $? != 0 ] ; then\n    # print error to STDERR\n    echo \"error: The sandbox is not in sync with the Podfile.lock. Run 'pod install' or update your CocoaPods installation.\" >&2\n    exit 1\nfi\n# This output is used by Xcode 'outputs' to avoid re-running this script phase.\necho \"SUCCESS\" > \"${SCRIPT_OUTPUT_FILE_0}\"\n";
			showEnvVarsInLog = 0;
		};
		792BB2C768AA32CD0E62535E /* [CP] Embed Pods Frameworks */ = {
			isa = PBXShellScriptBuildPhase;
			buildActionMask = 2147483647;
			files = (
			);
			inputFileListPaths = (
				"${PODS_ROOT}/Target Support Files/Pods-RxDemo/Pods-RxDemo-frameworks-${CONFIGURATION}-input-files.xcfilelist",
			);
			name = "[CP] Embed Pods Frameworks";
			outputFileListPaths = (
				"${PODS_ROOT}/Target Support Files/Pods-RxDemo/Pods-RxDemo-frameworks-${CONFIGURATION}-output-files.xcfilelist",
			);
			runOnlyForDeploymentPostprocessing = 0;
			shellPath = /bin/sh;
			shellScript = "\"${PODS_ROOT}/Target Support Files/Pods-RxDemo/Pods-RxDemo-frameworks.sh\"\n";
			showEnvVarsInLog = 0;
		};
/* End PBXShellScriptBuildPhase section */

/* Begin PBXSourcesBuildPhase section */
		78B6C98625577FCC00600F1F /* Sources */ = {
			isa = PBXSourcesBuildPhase;
			buildActionMask = 2147483647;
			files = (
				78F33EE82558E30500E44FA5 /* UI+Rx.swift in Sources */,
				78B6C9CE255798F900600F1F /* ObserverVC.swift in Sources */,
				78F33EF82559017700E44FA5 /* SMPlugin.swift in Sources */,
				78C8965F255808010068CB35 /* PullToRefreshVC.swift in Sources */,
				78F33EF52558EF8A00E44FA5 /* RxMoyaVC.swift in Sources */,
				78F33EE42558E2D900E44FA5 /* NetworkService.swift in Sources */,
				78F33EEE2558E39B00E44FA5 /* PullToRefreshViewModel.swift in Sources */,
				78B6C99225577FCC00600F1F /* HomeViewController.swift in Sources */,
				78F33EF22558E55600E44FA5 /* SMProvider.swift in Sources */,
				78B6C98E25577FCC00600F1F /* AppDelegate.swift in Sources */,
				78F33EE02558E18C00E44FA5 /* SMNetTargetType.swift in Sources */,
				78F33EEB2558E34900E44FA5 /* ESPullToRefresh+Rx.swift in Sources */,
				78A039AF2557BA0700C6CAF6 /* CustomRxExtensions.swift in Sources */,
				78B6C99025577FCC00600F1F /* SceneDelegate.swift in Sources */,
			);
			runOnlyForDeploymentPostprocessing = 0;
		};
/* End PBXSourcesBuildPhase section */

/* Begin PBXVariantGroup section */
		78B6C99325577FCC00600F1F /* Main.storyboard */ = {
			isa = PBXVariantGroup;
			children = (
				78B6C99425577FCC00600F1F /* Base */,
			);
			name = Main.storyboard;
			sourceTree = "<group>";
		};
		78B6C99825577FCD00600F1F /* LaunchScreen.storyboard */ = {
			isa = PBXVariantGroup;
			children = (
				78B6C99925577FCD00600F1F /* Base */,
			);
			name = LaunchScreen.storyboard;
			sourceTree = "<group>";
		};
/* End PBXVariantGroup section */

/* Begin XCBuildConfiguration section */
		78B6C99C25577FCD00600F1F /* Debug */ = {
			isa = XCBuildConfiguration;
			buildSettings = {
				ALWAYS_SEARCH_USER_PATHS = NO;
				CLANG_ANALYZER_NONNULL = YES;
				CLANG_ANALYZER_NUMBER_OBJECT_CONVERSION = YES_AGGRESSIVE;
				CLANG_CXX_LANGUAGE_STANDARD = "gnu++14";
				CLANG_CXX_LIBRARY = "libc++";
				CLANG_ENABLE_MODULES = YES;
				CLANG_ENABLE_OBJC_ARC = YES;
				CLANG_ENABLE_OBJC_WEAK = YES;
				CLANG_WARN_BLOCK_CAPTURE_AUTORELEASING = YES;
				CLANG_WARN_BOOL_CONVERSION = YES;
				CLANG_WARN_COMMA = YES;
				CLANG_WARN_CONSTANT_CONVERSION = YES;
				CLANG_WARN_DEPRECATED_OBJC_IMPLEMENTATIONS = YES;
				CLANG_WARN_DIRECT_OBJC_ISA_USAGE = YES_ERROR;
				CLANG_WARN_DOCUMENTATION_COMMENTS = YES;
				CLANG_WARN_EMPTY_BODY = YES;
				CLANG_WARN_ENUM_CONVERSION = YES;
				CLANG_WARN_INFINITE_RECURSION = YES;
				CLANG_WARN_INT_CONVERSION = YES;
				CLANG_WARN_NON_LITERAL_NULL_CONVERSION = YES;
				CLANG_WARN_OBJC_IMPLICIT_RETAIN_SELF = YES;
				CLANG_WARN_OBJC_LITERAL_CONVERSION = YES;
				CLANG_WARN_OBJC_ROOT_CLASS = YES_ERROR;
				CLANG_WARN_QUOTED_INCLUDE_IN_FRAMEWORK_HEADER = YES;
				CLANG_WARN_RANGE_LOOP_ANALYSIS = YES;
				CLANG_WARN_STRICT_PROTOTYPES = YES;
				CLANG_WARN_SUSPICIOUS_MOVE = YES;
				CLANG_WARN_UNGUARDED_AVAILABILITY = YES_AGGRESSIVE;
				CLANG_WARN_UNREACHABLE_CODE = YES;
				CLANG_WARN__DUPLICATE_METHOD_MATCH = YES;
				COPY_PHASE_STRIP = NO;
				DEBUG_INFORMATION_FORMAT = dwarf;
				ENABLE_STRICT_OBJC_MSGSEND = YES;
				ENABLE_TESTABILITY = YES;
				GCC_C_LANGUAGE_STANDARD = gnu11;
				GCC_DYNAMIC_NO_PIC = NO;
				GCC_NO_COMMON_BLOCKS = YES;
				GCC_OPTIMIZATION_LEVEL = 0;
				GCC_PREPROCESSOR_DEFINITIONS = (
					"DEBUG=1",
					"$(inherited)",
				);
				GCC_WARN_64_TO_32_BIT_CONVERSION = YES;
				GCC_WARN_ABOUT_RETURN_TYPE = YES_ERROR;
				GCC_WARN_UNDECLARED_SELECTOR = YES;
				GCC_WARN_UNINITIALIZED_AUTOS = YES_AGGRESSIVE;
				GCC_WARN_UNUSED_FUNCTION = YES;
				GCC_WARN_UNUSED_VARIABLE = YES;
				IPHONEOS_DEPLOYMENT_TARGET = 13.1;
				MTL_ENABLE_DEBUG_INFO = INCLUDE_SOURCE;
				MTL_FAST_MATH = YES;
				ONLY_ACTIVE_ARCH = YES;
				SDKROOT = iphoneos;
				SWIFT_ACTIVE_COMPILATION_CONDITIONS = DEBUG;
				SWIFT_OPTIMIZATION_LEVEL = "-Onone";
			};
			name = Debug;
		};
		78B6C99D25577FCD00600F1F /* Release */ = {
			isa = XCBuildConfiguration;
			buildSettings = {
				ALWAYS_SEARCH_USER_PATHS = NO;
				CLANG_ANALYZER_NONNULL = YES;
				CLANG_ANALYZER_NUMBER_OBJECT_CONVERSION = YES_AGGRESSIVE;
				CLANG_CXX_LANGUAGE_STANDARD = "gnu++14";
				CLANG_CXX_LIBRARY = "libc++";
				CLANG_ENABLE_MODULES = YES;
				CLANG_ENABLE_OBJC_ARC = YES;
				CLANG_ENABLE_OBJC_WEAK = YES;
				CLANG_WARN_BLOCK_CAPTURE_AUTORELEASING = YES;
				CLANG_WARN_BOOL_CONVERSION = YES;
				CLANG_WARN_COMMA = YES;
				CLANG_WARN_CONSTANT_CONVERSION = YES;
				CLANG_WARN_DEPRECATED_OBJC_IMPLEMENTATIONS = YES;
				CLANG_WARN_DIRECT_OBJC_ISA_USAGE = YES_ERROR;
				CLANG_WARN_DOCUMENTATION_COMMENTS = YES;
				CLANG_WARN_EMPTY_BODY = YES;
				CLANG_WARN_ENUM_CONVERSION = YES;
				CLANG_WARN_INFINITE_RECURSION = YES;
				CLANG_WARN_INT_CONVERSION = YES;
				CLANG_WARN_NON_LITERAL_NULL_CONVERSION = YES;
				CLANG_WARN_OBJC_IMPLICIT_RETAIN_SELF = YES;
				CLANG_WARN_OBJC_LITERAL_CONVERSION = YES;
				CLANG_WARN_OBJC_ROOT_CLASS = YES_ERROR;
				CLANG_WARN_QUOTED_INCLUDE_IN_FRAMEWORK_HEADER = YES;
				CLANG_WARN_RANGE_LOOP_ANALYSIS = YES;
				CLANG_WARN_STRICT_PROTOTYPES = YES;
				CLANG_WARN_SUSPICIOUS_MOVE = YES;
				CLANG_WARN_UNGUARDED_AVAILABILITY = YES_AGGRESSIVE;
				CLANG_WARN_UNREACHABLE_CODE = YES;
				CLANG_WARN__DUPLICATE_METHOD_MATCH = YES;
				COPY_PHASE_STRIP = NO;
				DEBUG_INFORMATION_FORMAT = "dwarf-with-dsym";
				ENABLE_NS_ASSERTIONS = NO;
				ENABLE_STRICT_OBJC_MSGSEND = YES;
				GCC_C_LANGUAGE_STANDARD = gnu11;
				GCC_NO_COMMON_BLOCKS = YES;
				GCC_WARN_64_TO_32_BIT_CONVERSION = YES;
				GCC_WARN_ABOUT_RETURN_TYPE = YES_ERROR;
				GCC_WARN_UNDECLARED_SELECTOR = YES;
				GCC_WARN_UNINITIALIZED_AUTOS = YES_AGGRESSIVE;
				GCC_WARN_UNUSED_FUNCTION = YES;
				GCC_WARN_UNUSED_VARIABLE = YES;
				IPHONEOS_DEPLOYMENT_TARGET = 13.1;
				MTL_ENABLE_DEBUG_INFO = NO;
				MTL_FAST_MATH = YES;
				SDKROOT = iphoneos;
				SWIFT_COMPILATION_MODE = wholemodule;
				SWIFT_OPTIMIZATION_LEVEL = "-O";
				VALIDATE_PRODUCT = YES;
			};
			name = Release;
		};
		78B6C99F25577FCD00600F1F /* Debug */ = {
			isa = XCBuildConfiguration;
			baseConfigurationReference = D0FB427733C72DF660246E64 /* Pods-RxDemo.debug.xcconfig */;
			buildSettings = {
				ASSETCATALOG_COMPILER_APPICON_NAME = AppIcon;
				CODE_SIGN_STYLE = Automatic;
				DEVELOPMENT_TEAM = XBK5FFN95U;
				INFOPLIST_FILE = RxDemo/Info.plist;
				LD_RUNPATH_SEARCH_PATHS = (
					"$(inherited)",
					"@executable_path/Frameworks",
				);
				PRODUCT_BUNDLE_IDENTIFIER = com.hzx.RxDemo;
				PRODUCT_NAME = "$(TARGET_NAME)";
				SWIFT_VERSION = 5.0;
				TARGETED_DEVICE_FAMILY = "1,2";
			};
			name = Debug;
		};
		78B6C9A025577FCD00600F1F /* Release */ = {
			isa = XCBuildConfiguration;
			baseConfigurationReference = 9C043906D29ECBF3EDE2BB1E /* Pods-RxDemo.release.xcconfig */;
			buildSettings = {
				ASSETCATALOG_COMPILER_APPICON_NAME = AppIcon;
				CODE_SIGN_STYLE = Automatic;
				DEVELOPMENT_TEAM = XBK5FFN95U;
				INFOPLIST_FILE = RxDemo/Info.plist;
				LD_RUNPATH_SEARCH_PATHS = (
					"$(inherited)",
					"@executable_path/Frameworks",
				);
				PRODUCT_BUNDLE_IDENTIFIER = com.hzx.RxDemo;
				PRODUCT_NAME = "$(TARGET_NAME)";
				SWIFT_VERSION = 5.0;
				TARGETED_DEVICE_FAMILY = "1,2";
			};
			name = Release;
		};
/* End XCBuildConfiguration section */

/* Begin XCConfigurationList section */
		78B6C98525577FCC00600F1F /* Build configuration list for PBXProject "RxDemo" */ = {
			isa = XCConfigurationList;
			buildConfigurations = (
				78B6C99C25577FCD00600F1F /* Debug */,
				78B6C99D25577FCD00600F1F /* Release */,
			);
			defaultConfigurationIsVisible = 0;
			defaultConfigurationName = Release;
		};
		78B6C99E25577FCD00600F1F /* Build configuration list for PBXNativeTarget "RxDemo" */ = {
			isa = XCConfigurationList;
			buildConfigurations = (
				78B6C99F25577FCD00600F1F /* Debug */,
				78B6C9A025577FCD00600F1F /* Release */,
			);
			defaultConfigurationIsVisible = 0;
			defaultConfigurationName = Release;
		};
/* End XCConfigurationList section */
	};
	rootObject = 78B6C98225577FCC00600F1F /* Project object */;
}
